
Microsoft Visual Studio Solution File, Format Version 12.00
# Visual Studio Version 17
VisualStudioVersion = 17.0.32112.339
MinimumVisualStudioVersion = 10.0.40219.1
Project("{FAE04EC0-301F-11D3-BF4B-00C04F79EFBC}") = "Logic design solutions", "Logic design solutions\Logic design solutions.csproj", "{5643C971-4ED2-49B5-A9F0-60EDAE8C5526}"
EndProject
Global
	GlobalSection(SolutionConfigurationPlatforms) = preSolution
		Debug|Any CPU = Debug|Any CPU
		Release|Any CPU = Release|Any CPU
	EndGlobalSection
	GlobalSection(ProjectConfigurationPlatforms) = postSolution
		{5643C971-4ED2-49B5-A9F0-60EDAE8C5526}.Debug|Any CPU.ActiveCfg = Debug|Any CPU
		{5643C971-4ED2-49B5-A9F0-60EDAE8C5526}.Debug|Any CPU.Build.0 = Debug|Any CPU
		{5643C971-4ED2-49B5-A9F0-60EDAE8C5526}.Release|Any CPU.ActiveCfg = Release|Any CPU
		{5643C971-4ED2-49B5-A9F0-60EDAE8C5526}.Release|Any CPU.Build.0 = Release|Any CPU
	EndGlobalSection
	GlobalSection(SolutionProperties) = preSolution
		HideSolutionNode = FALSE
	EndGlobalSection
	GlobalSection(ExtensibilityGlobals) = postSolution
		SolutionGuid = {14B17C79-E9FD-476D-B535-BFDD861E60CC}
	EndGlobalSection
EndGlobal
